
Microsoft Visual Studio Solution File, Format Version 12.00
# Visual Studio 15
VisualStudioVersion = 15.0.27703.2035
MinimumVisualStudioVersion = 10.0.40219.1
Project("{9A19103F-16F7-4668-BE54-9A1E7A4F7556}") = "StringExtensions", "StringExtensions\StringExtensions.csproj", "{993E9C82-27B3-41CD-A583-0BFF9809C57D}"
EndProject
Project("{9A19103F-16F7-4668-BE54-9A1E7A4F7556}") = "StringExtensions.Tests", "StringExtensions.Tests\StringExtensions.Tests.csproj", "{47D27E36-5965-447E-9B22-1BF16DF35276}"
EndProject
Project("{FAE04EC0-301F-11D3-BF4B-00C04F79EFBC}") = "StringExtensions.Benchmark", "StringExtensions.Benchmark\StringExtensions.Benchmark.csproj", "{4199026F-F105-483E-9788-EC7357A0EA68}"
EndProject
Global
	GlobalSection(SolutionConfigurationPlatforms) = preSolution
		Debug|Any CPU = Debug|Any CPU
		Release|Any CPU = Release|Any CPU
	EndGlobalSection
	GlobalSection(ProjectConfigurationPlatforms) = postSolution
		{993E9C82-27B3-41CD-A583-0BFF9809C57D}.Debug|Any CPU.ActiveCfg = Debug|Any CPU
		{993E9C82-27B3-41CD-A583-0BFF9809C57D}.Debug|Any CPU.Build.0 = Debug|Any CPU
		{993E9C82-27B3-41CD-A583-0BFF9809C57D}.Release|Any CPU.ActiveCfg = Release|Any CPU
		{993E9C82-27B3-41CD-A583-0BFF9809C57D}.Release|Any CPU.Build.0 = Release|Any CPU
		{47D27E36-5965-447E-9B22-1BF16DF35276}.Debug|Any CPU.ActiveCfg = Debug|Any CPU
		{47D27E36-5965-447E-9B22-1BF16DF35276}.Debug|Any CPU.Build.0 = Debug|Any CPU
		{47D27E36-5965-447E-9B22-1BF16DF35276}.Release|Any CPU.ActiveCfg = Release|Any CPU
		{47D27E36-5965-447E-9B22-1BF16DF35276}.Release|Any CPU.Build.0 = Release|Any CPU
		{4199026F-F105-483E-9788-EC7357A0EA68}.Debug|Any CPU.ActiveCfg = Debug|Any CPU
		{4199026F-F105-483E-9788-EC7357A0EA68}.Debug|Any CPU.Build.0 = Debug|Any CPU
		{4199026F-F105-483E-9788-EC7357A0EA68}.Release|Any CPU.ActiveCfg = Release|Any CPU
		{4199026F-F105-483E-9788-EC7357A0EA68}.Release|Any CPU.Build.0 = Release|Any CPU
	EndGlobalSection
	GlobalSection(SolutionProperties) = preSolution
		HideSolutionNode = FALSE
	EndGlobalSection
	GlobalSection(ExtensibilityGlobals) = postSolution
		SolutionGuid = {31E68B15-F4C5-4D8D-A263-0EF77B2838BF}
	EndGlobalSection
EndGlobal
